
Microsoft Visual Studio Solution File, Format Version 12.00
# Visual Studio Version 17
VisualStudioVersion = 17.3.32811.315
MinimumVisualStudioVersion = 10.0.40219.1
Project("{FAE04EC0-301F-11D3-BF4B-00C04F79EFBC}") = "CabInvoiceGenratorProblem", "CabInvoiceGenratorProblem.csproj", "{DD07545B-1C45-450F-B826-2288D89FB9C1}"
EndProject
Project("{FAE04EC0-301F-11D3-BF4B-00C04F79EFBC}") = "CabInvoiceGenratorPoblemTest", "..\CabInvoiceGenratorPoblemTest\CabInvoiceGenratorPoblemTest.csproj", "{2722C0CD-D2DE-4CA2-A9D8-C10F08731407}"
EndProject
Global
	GlobalSection(SolutionConfigurationPlatforms) = preSolution
		Debug|Any CPU = Debug|Any CPU
		Release|Any CPU = Release|Any CPU
	EndGlobalSection
	GlobalSection(ProjectConfigurationPlatforms) = postSolution
		{DD07545B-1C45-450F-B826-2288D89FB9C1}.Debug|Any CPU.ActiveCfg = Debug|Any CPU
		{DD07545B-1C45-450F-B826-2288D89FB9C1}.Debug|Any CPU.Build.0 = Debug|Any CPU
		{DD07545B-1C45-450F-B826-2288D89FB9C1}.Release|Any CPU.ActiveCfg = Release|Any CPU
		{DD07545B-1C45-450F-B826-2288D89FB9C1}.Release|Any CPU.Build.0 = Release|Any CPU
		{2722C0CD-D2DE-4CA2-A9D8-C10F08731407}.Debug|Any CPU.ActiveCfg = Debug|Any CPU
		{2722C0CD-D2DE-4CA2-A9D8-C10F08731407}.Debug|Any CPU.Build.0 = Debug|Any CPU
		{2722C0CD-D2DE-4CA2-A9D8-C10F08731407}.Release|Any CPU.ActiveCfg = Release|Any CPU
		{2722C0CD-D2DE-4CA2-A9D8-C10F08731407}.Release|Any CPU.Build.0 = Release|Any CPU
	EndGlobalSection
	GlobalSection(SolutionProperties) = preSolution
		HideSolutionNode = FALSE
	EndGlobalSection
	GlobalSection(ExtensibilityGlobals) = postSolution
		SolutionGuid = {893CD9DA-2BEB-45F3-9B8E-C8FC42B2C10F}
	EndGlobalSection
EndGlobal
